
Microsoft Visual Studio Solution File, Format Version 12.00
# Visual Studio 15
VisualStudioVersion = 15.0.28010.2046
MinimumVisualStudioVersion = 10.0.40219.1
Project("{FAE04EC0-301F-11D3-BF4B-00C04F79EFBC}") = "SeaBattleShips", "SeaBattleShips\SeaBattleShips.csproj", "{4E16DBBC-C93E-445F-B767-9F7F1C22DAF4}"
EndProject
Global
	GlobalSection(SolutionConfigurationPlatforms) = preSolution
		Debug|Any CPU = Debug|Any CPU
		Release|Any CPU = Release|Any CPU
	EndGlobalSection
	GlobalSection(ProjectConfigurationPlatforms) = postSolution
		{4E16DBBC-C93E-445F-B767-9F7F1C22DAF4}.Debug|Any CPU.ActiveCfg = Debug|Any CPU
		{4E16DBBC-C93E-445F-B767-9F7F1C22DAF4}.Debug|Any CPU.Build.0 = Debug|Any CPU
		{4E16DBBC-C93E-445F-B767-9F7F1C22DAF4}.Release|Any CPU.ActiveCfg = Release|Any CPU
		{4E16DBBC-C93E-445F-B767-9F7F1C22DAF4}.Release|Any CPU.Build.0 = Release|Any CPU
	EndGlobalSection
	GlobalSection(SolutionProperties) = preSolution
		HideSolutionNode = FALSE
	EndGlobalSection
	GlobalSection(ExtensibilityGlobals) = postSolution
		SolutionGuid = {3CD193F7-ACE1-4D63-A54D-468632F16911}
	EndGlobalSection
EndGlobal
